
Microsoft Visual Studio Solution File, Format Version 12.00
# Visual Studio 2013
VisualStudioVersion = 12.0.31101.0
MinimumVisualStudioVersion = 10.0.40219.1
Project("{2150E333-8FDC-42A3-9474-1A3956D46DE8}") = "Lubycon_php", "Lubycon_php", "{0776844A-08DE-4742-A0B4-6CEC4EF8BE00}"
	ProjectSection(SolutionItems) = preProject
		index.php = index.php
		index_body.php = index_body.php
		login_check.php = login_check.php
		login_page.php = login_page.php
	EndProjectSection
EndProject
Project("{2150E333-8FDC-42A3-9474-1A3956D46DE8}") = "php", "php", "{DAEE0839-5F41-492F-95AB-58A345B7C2AE}"
	ProjectSection(SolutionItems) = preProject
		..\contents_data\contents_data.php = ..\contents_data\contents_data.php
	EndProjectSection
EndProject
Project("{2150E333-8FDC-42A3-9474-1A3956D46DE8}") = "account", "account", "{EB38E6BD-6829-4E8C-8594-BEEC354919CB}"
	ProjectSection(SolutionItems) = preProject
		php\account\create_account.php = php\account\create_account.php
		php\account\forgot_password.php = php\account\forgot_password.php
		php\ajax\infinite_scroll_ajax.php = php\ajax\infinite_scroll_ajax.php
		php\account\mail_for_resist.php = php\account\mail_for_resist.php
		php\account\overlap_check.php = php\account\overlap_check.php
		php\account\registration.php = php\account\registration.php
		php\account\session_check.php = php\account\session_check.php
		php\account\success_account.php = php\account\success_account.php
		php\account\test.php = php\account\test.php
		php\account\waiting_for_resisting.php = php\account\waiting_for_resisting.php
	EndProjectSection
EndProject
Project("{2150E333-8FDC-42A3-9474-1A3956D46DE8}") = "community", "community", "{21B889A6-ABE9-4229-90DE-654198AA2D3E}"
	ProjectSection(SolutionItems) = preProject
		php\community\community_page.php = php\community\community_page.php
		php\community\community_view.php = php\community\community_view.php
		php\community\community_write.php = php\community\community_write.php
		php\community\test.php = php\community\test.php
		php\community\wysiwygs.php = php\community\wysiwygs.php
	EndProjectSection
EndProject
Project("{2150E333-8FDC-42A3-9474-1A3956D46DE8}") = "company", "company", "{2444400F-89DF-48F0-B2FC-DA811A7CF73C}"
	ProjectSection(SolutionItems) = preProject
		php\company\about_us.php = php\company\about_us.php
	EndProjectSection
EndProject
Project("{2150E333-8FDC-42A3-9474-1A3956D46DE8}") = "contents", "contents", "{CFB3191C-27E6-431F-9AC4-056BEBA97233}"
	ProjectSection(SolutionItems) = preProject
		php\contents\contents_page.php = php\contents\contents_page.php
		php\contents\contents_view.php = php\contents\contents_view.php
	EndProjectSection
EndProject
Project("{2150E333-8FDC-42A3-9474-1A3956D46DE8}") = "designers_page", "designers_page", "{0F23BE5D-2D0E-490F-ADA1-70CBEDCECAF8}"
	ProjectSection(SolutionItems) = preProject
		php\designers_page\designers_page.php = php\designers_page\designers_page.php
	EndProjectSection
EndProject
Project("{2150E333-8FDC-42A3-9474-1A3956D46DE8}") = "editor", "editor", "{3FC22545-B208-4275-8530-090F43F8CDD4}"
	ProjectSection(SolutionItems) = preProject
		php\editor\ajax_upload.php = php\editor\ajax_upload.php
		php\editor\editor.php = php\editor\editor.php
		php\editor\jquery.lubyPictool.js = php\editor\jquery.lubyPictool.js
		php\editor\test.php = php\editor\test.php
	EndProjectSection
EndProject
Project("{2150E333-8FDC-42A3-9474-1A3956D46DE8}") = "personal_page", "personal_page", "{5528D5D6-2249-4D2D-917F-4B4987AE93D2}"
	ProjectSection(SolutionItems) = preProject
		php\personal_page\account_setting.php = php\personal_page\account_setting.php
		php\personal_page\bookmark.php = php\personal_page\bookmark.php
		php\personal_page\dashboard.php = php\personal_page\dashboard.php
		php\personal_page\followers.php = php\personal_page\followers.php
		php\personal_page\insight.php = php\personal_page\insight.php
		php\personal_page\message.php = php\personal_page\message.php
		php\personal_page\my_contents.php = php\personal_page\my_contents.php
		php\personal_page\my_forums.php = php\personal_page\my_forums.php
		php\personal_page\personal_page.php = php\personal_page\personal_page.php
		php\personal_page\subnav.php = php\personal_page\subnav.php
		php\personal_page\test.php = php\personal_page\test.php
	EndProjectSection
EndProject
Project("{2150E333-8FDC-42A3-9474-1A3956D46DE8}") = "css", "css", "{89F53E10-E9B7-495E-82C7-F2122711B934}"
	ProjectSection(SolutionItems) = preProject
		css\about_us.css = css\about_us.css
		css\account_setting.css = css\account_setting.css
		css\artists_page.css = css\artists_page.css
		css\bootstrap.min.css = css\bootstrap.min.css
		css\chosen.css = css\chosen.css
		css\chosen_prism.css = css\chosen_prism.css
		css\community.css = css\community.css
		css\community_view.css = css\community_view.css
		css\community_write.css = css\community_write.css
		css\contents_page.css = css\contents_page.css
		css\contents_view.css = css\contents_view.css
		css\create_account.css = css\create_account.css
		css\croppic.css = css\croppic.css
		css\editor.css = css\editor.css
		css\find_password.css = css\find_password.css
		css\flexslider.css = css\flexslider.css
		css\followers.css = css\followers.css
		css\index.css = css\index.css
		css\insight.css = css\insight.css
		css\login_page.css = css\login_page.css
		css\message.css = css\message.css
		css\normalize.css = css\normalize.css
		css\personal_page.css = css\personal_page.css
		css\selectordie.css = css\selectordie.css
		css\slider.css = css\slider.css
		css\spectrum.css = css\spectrum.css
		css\success_account.css = css\success_account.css
		css\summernote.css = css\summernote.css
		css\user_ranking.css = css\user_ranking.css
		css\waiting_for_resisting.css = css\waiting_for_resisting.css
	EndProjectSection
EndProject
Project("{2150E333-8FDC-42A3-9474-1A3956D46DE8}") = "js", "js", "{F4657569-6E1C-48D8-8BE1-96250A2CB5CA}"
	ProjectSection(SolutionItems) = preProject
		js\aboutus.js = js\aboutus.js
		js\account_setting.js = js\account_setting.js
		js\call_comments.js = js\call_comments.js
		js\community.js = js\community.js
		js\contents_view.js = js\contents_view.js
		js\dashboard.js = js\dashboard.js
		js\editor.js = js\editor.js
		js\index.js.rej = js\index.js.rej
		js\insight.js = js\insight.js
		js\login_page.js = js\login_page.js
		js\success_account.js = js\success_account.js
	EndProjectSection
EndProject
Project("{2150E333-8FDC-42A3-9474-1A3956D46DE8}") = "contents_page", "contents_page", "{7328460A-3607-460C-8C81-56CB4C1DF3A8}"
	ProjectSection(SolutionItems) = preProject
		css\contents_page\main_page.css = css\contents_page\main_page.css
	EndProjectSection
EndProject
Project("{2150E333-8FDC-42A3-9474-1A3956D46DE8}") = "layout", "layout", "{79EDE1A8-A22F-45A4-8EBB-14D24588F03D}"
	ProjectSection(SolutionItems) = preProject
		css\layout\animate.css = css\layout\animate.css
		css\layout\common.css = css\layout\common.css
		css\layout\media.css = css\layout\media.css
		css\layout\normalize.css = css\layout\normalize.css
		css\layout\selectordie.css = css\layout\selectordie.css
	EndProjectSection
EndProject
Project("{2150E333-8FDC-42A3-9474-1A3956D46DE8}") = "layout", "layout", "{95A2715A-1E5C-45E2-A385-A4B1032CE2F9}"
	ProjectSection(SolutionItems) = preProject
		php\error\404.php = php\error\404.php
		php\layout\comment.php = php\layout\comment.php
		php\layout\community_card.php = php\layout\community_card.php
		php\layout\content_card.php = php\layout\content_card.php
		php\layout\creator_card.php = php\layout\creator_card.php
		php\layout\follower_card.php = php\layout\follower_card.php
		php\layout\index_footer.php = php\layout\index_footer.php
		php\layout\index_forum.php = php\layout\index_forum.php
		php\layout\index_header.php = php\layout\index_header.php
		php\layout\main_board.php = php\layout\main_board.php
		php\layout\personal_menu.php = php\layout\personal_menu.php
	EndProjectSection
EndProject
Project("{2150E333-8FDC-42A3-9474-1A3956D46DE8}") = "ajax", "ajax", "{A5A8174F-E088-43E5-BDAE-1CF2E3FCFFAE}"
	ProjectSection(SolutionItems) = preProject
		php\ajax\account_setting_profile_upload.php = php\ajax\account_setting_profile_upload.php
		php\ajax\call_comments_ajax.php = php\ajax\call_comments_ajax.php
		php\ajax\community_infinite_scroll.php = php\ajax\community_infinite_scroll.php
		php\ajax\create_account_popup.php = php\ajax\create_account_popup.php
		php\ajax\editor_ajax.php = php\ajax\editor_ajax.php
		php\ajax\editor_ajax_upload_test.php = php\ajax\editor_ajax_upload_test.php
		php\ajax\editor_fileupload.php = php\ajax\editor_fileupload.php
		php\ajax\editor_thumbupload.php = php\ajax\editor_thumbupload.php
		php\ajax\increase_like_ajax.php = php\ajax\increase_like_ajax.php
		php\ajax\infinite_scroll_ajax.php = php\ajax\infinite_scroll_ajax.php
		php\ajax\login_check.php = php\ajax\login_check.php
		php\ajax\subnav_check.php = php\ajax\subnav_check.php
	EndProjectSection
EndProject
Project("{2150E333-8FDC-42A3-9474-1A3956D46DE8}") = "database", "database", "{47A72F42-267F-46A1-83F9-784BC9FB8B66}"
	ProjectSection(SolutionItems) = preProject
		php\database\database_class.php = php\database\database_class.php
	EndProjectSection
EndProject
Project("{2150E333-8FDC-42A3-9474-1A3956D46DE8}") = "artists_page", "artists_page", "{15C9771D-A4D8-4999-BB4D-670E36973F1D}"
	ProjectSection(SolutionItems) = preProject
		php\artists_page\artists_page.php = php\artists_page\artists_page.php
		php\artists_page\user_ranking.php = php\artists_page\user_ranking.php
	EndProjectSection
EndProject
Project("{2150E333-8FDC-42A3-9474-1A3956D46DE8}") = "creators_page", "creators_page", "{B5BAB6CF-31EF-4F58-AB26-627D58D8B67D}"
	ProjectSection(SolutionItems) = preProject
		php\creators_page\creators.php = php\creators_page\creators.php
		php\creators_page\user_ranking.php = php\creators_page\user_ranking.php
	EndProjectSection
EndProject
Project("{2150E333-8FDC-42A3-9474-1A3956D46DE8}") = "img_crop", "img_crop", "{B28D56C0-BF45-4F8E-9C8D-F8B33B2A7D60}"
	ProjectSection(SolutionItems) = preProject
		php\img_crop\img_crop_to_file.php = php\img_crop\img_crop_to_file.php
		php\img_crop\img_save_to_file.php = php\img_crop\img_save_to_file.php
	EndProjectSection
EndProject
Project("{2150E333-8FDC-42A3-9474-1A3956D46DE8}") = "class", "class", "{95D8E7D4-DFA3-4DD2-B9C7-E03AEB7EA262}"
	ProjectSection(SolutionItems) = preProject
		php\class\ajax_upload_class.php = php\class\ajax_upload_class.php
		php\class\regex_class.php = php\class\regex_class.php
		php\class\upload_class.php = php\class\upload_class.php
	EndProjectSection
EndProject
Project("{2150E333-8FDC-42A3-9474-1A3956D46DE8}") = "js", "js", "{5F95FFB1-CF25-4D80-8A05-F82AF5F6E8D7}"
	ProjectSection(SolutionItems) = preProject
		php\editor\js\chosen.jquery.js = php\editor\js\chosen.jquery.js
		php\editor\js\cropper.js = php\editor\js\cropper.js
		php\editor\js\html2canvas.js = php\editor\js\html2canvas.js
		php\editor\js\jquery-1.12.2.js = php\editor\js\jquery-1.12.2.js
		php\editor\js\jquery-ui.min.js = php\editor\js\jquery-ui.min.js
		php\editor\js\jquery.lubySlider.js = php\editor\js\jquery.lubySlider.js
		php\editor\js\resizeObject.js = php\editor\js\resizeObject.js
		php\editor\js\spectrum.js = php\editor\js\spectrum.js
	EndProjectSection
EndProject
Project("{2150E333-8FDC-42A3-9474-1A3956D46DE8}") = "css", "css", "{39DEB90F-81F1-4497-8D15-A13124716B47}"
	ProjectSection(SolutionItems) = preProject
		php\editor\css\chosen.css = php\editor\css\chosen.css
		php\editor\css\cropper.css = php\editor\css\cropper.css
		php\editor\css\lubyPictool.css = php\editor\css\lubyPictool.css
		php\editor\css\lubySlider.css = php\editor\css\lubySlider.css
		php\editor\css\spectrum.css = php\editor\css\spectrum.css
	EndProjectSection
EndProject
Project("{2150E333-8FDC-42A3-9474-1A3956D46DE8}") = "_editor", "_editor", "{B766FCB4-280D-4970-8695-B446CC83A008}"
	ProjectSection(SolutionItems) = preProject
		php\_editor\editor.php = php\_editor\editor.php
		php\_editor\editor_setting.php = php\_editor\editor_setting.php
		php\_editor\editor_thumbnail.php = php\_editor\editor_thumbnail.php
		php\_editor\imageUpload.php = php\_editor\imageUpload.php
		php\_editor\test.php = php\_editor\test.php
	EndProjectSection
EndProject
Project("{2150E333-8FDC-42A3-9474-1A3956D46DE8}") = "module", "module", "{37599D85-88B3-449A-8406-5A2B1EB56DC6}"
	ProjectSection(SolutionItems) = preProject
		js\module\account.js = js\module\account.js
		js\module\bootstrap.min.js = js\module\bootstrap.min.js
		js\module\chosen.jquery.js = js\module\chosen.jquery.js
		js\module\chosen.prism.js = js\module\chosen.prism.js
		js\module\community_infinite_scroll.js = js\module\community_infinite_scroll.js
		js\module\croppic.min.js = js\module\croppic.min.js
		js\module\infinite_scroll.js = js\module\infinite_scroll.js
		js\module\jquery.cycle.all.js = js\module\jquery.cycle.all.js
		js\module\jquery.form.min.js = js\module\jquery.form.min.js
		js\module\jquery.lubyAlert.js = js\module\jquery.lubyAlert.js
		js\module\jquery.lubySelector.js = js\module\jquery.lubySelector.js
		js\module\jquery.mousewheel.min.js = js\module\jquery.mousewheel.min.js
		js\module\resizeObject.js = js\module\resizeObject.js
		js\module\slider.js = js\module\slider.js
		js\module\spectrum.js = js\module\spectrum.js
		js\module\sticky.js = js\module\sticky.js
		js\module\summernote.js = js\module\summernote.js
		js\module\summernote.min.js = js\module\summernote.min.js
	EndProjectSection
EndProject
Project("{2150E333-8FDC-42A3-9474-1A3956D46DE8}") = "core", "core", "{8C8CD4A4-8FE8-481B-A430-2C60EF1410DF}"
	ProjectSection(SolutionItems) = preProject
		js\core\ajax.js = js\core\ajax.js
		js\core\core.js = js\core\core.js
		js\core\d3.min.js = js\core\d3.min.js
		js\core\jquery-1.12.2.min.js = js\core\jquery-1.12.2.min.js
		js\core\jquery-ui.min.js = js\core\jquery-ui.min.js
		js\core\mobile.js = js\core\mobile.js
		js\core\ui.js = js\core\ui.js
	EndProjectSection
EndProject
Project("{2150E333-8FDC-42A3-9474-1A3956D46DE8}") = "sesstion", "sesstion", "{52FF6F65-7481-4DE9-8BAC-87D3B6F77CF3}"
	ProjectSection(SolutionItems) = preProject
		php\session\session_class.php = php\session\session_class.php
		php\session\session_test.php = php\session\session_test.php
	EndProjectSection
EndProject
Project("{2150E333-8FDC-42A3-9474-1A3956D46DE8}") = "error", "error", "{02EAD82B-CACA-4101-9781-5D79EFE2931F}"
	ProjectSection(SolutionItems) = preProject
		php\error\404.php = php\error\404.php
	EndProjectSection
EndProject
Global
	GlobalSection(SolutionProperties) = preSolution
		HideSolutionNode = FALSE
	EndGlobalSection
	GlobalSection(NestedProjects) = preSolution
		{DAEE0839-5F41-492F-95AB-58A345B7C2AE} = {0776844A-08DE-4742-A0B4-6CEC4EF8BE00}
		{EB38E6BD-6829-4E8C-8594-BEEC354919CB} = {DAEE0839-5F41-492F-95AB-58A345B7C2AE}
		{21B889A6-ABE9-4229-90DE-654198AA2D3E} = {DAEE0839-5F41-492F-95AB-58A345B7C2AE}
		{2444400F-89DF-48F0-B2FC-DA811A7CF73C} = {DAEE0839-5F41-492F-95AB-58A345B7C2AE}
		{CFB3191C-27E6-431F-9AC4-056BEBA97233} = {DAEE0839-5F41-492F-95AB-58A345B7C2AE}
		{0F23BE5D-2D0E-490F-ADA1-70CBEDCECAF8} = {DAEE0839-5F41-492F-95AB-58A345B7C2AE}
		{3FC22545-B208-4275-8530-090F43F8CDD4} = {DAEE0839-5F41-492F-95AB-58A345B7C2AE}
		{5528D5D6-2249-4D2D-917F-4B4987AE93D2} = {DAEE0839-5F41-492F-95AB-58A345B7C2AE}
		{89F53E10-E9B7-495E-82C7-F2122711B934} = {0776844A-08DE-4742-A0B4-6CEC4EF8BE00}
		{F4657569-6E1C-48D8-8BE1-96250A2CB5CA} = {0776844A-08DE-4742-A0B4-6CEC4EF8BE00}
		{7328460A-3607-460C-8C81-56CB4C1DF3A8} = {89F53E10-E9B7-495E-82C7-F2122711B934}
		{79EDE1A8-A22F-45A4-8EBB-14D24588F03D} = {89F53E10-E9B7-495E-82C7-F2122711B934}
		{95A2715A-1E5C-45E2-A385-A4B1032CE2F9} = {DAEE0839-5F41-492F-95AB-58A345B7C2AE}
		{A5A8174F-E088-43E5-BDAE-1CF2E3FCFFAE} = {DAEE0839-5F41-492F-95AB-58A345B7C2AE}
		{47A72F42-267F-46A1-83F9-784BC9FB8B66} = {DAEE0839-5F41-492F-95AB-58A345B7C2AE}
		{15C9771D-A4D8-4999-BB4D-670E36973F1D} = {DAEE0839-5F41-492F-95AB-58A345B7C2AE}
		{B5BAB6CF-31EF-4F58-AB26-627D58D8B67D} = {DAEE0839-5F41-492F-95AB-58A345B7C2AE}
		{B28D56C0-BF45-4F8E-9C8D-F8B33B2A7D60} = {DAEE0839-5F41-492F-95AB-58A345B7C2AE}
		{95D8E7D4-DFA3-4DD2-B9C7-E03AEB7EA262} = {DAEE0839-5F41-492F-95AB-58A345B7C2AE}
		{5F95FFB1-CF25-4D80-8A05-F82AF5F6E8D7} = {3FC22545-B208-4275-8530-090F43F8CDD4}
		{39DEB90F-81F1-4497-8D15-A13124716B47} = {3FC22545-B208-4275-8530-090F43F8CDD4}
		{B766FCB4-280D-4970-8695-B446CC83A008} = {DAEE0839-5F41-492F-95AB-58A345B7C2AE}
		{37599D85-88B3-449A-8406-5A2B1EB56DC6} = {F4657569-6E1C-48D8-8BE1-96250A2CB5CA}
		{8C8CD4A4-8FE8-481B-A430-2C60EF1410DF} = {F4657569-6E1C-48D8-8BE1-96250A2CB5CA}
		{52FF6F65-7481-4DE9-8BAC-87D3B6F77CF3} = {DAEE0839-5F41-492F-95AB-58A345B7C2AE}
		{02EAD82B-CACA-4101-9781-5D79EFE2931F} = {DAEE0839-5F41-492F-95AB-58A345B7C2AE}
	EndGlobalSection
EndGlobal
